
Microsoft Visual Studio Solution File, Format Version 12.00
# Visual Studio Version 17
VisualStudioVersion = 17.13.35806.99 d17.13
MinimumVisualStudioVersion = 10.0.40219.1
Project("{8BC9CEB8-8B4A-11D0-8D11-00A0C91BC942}") = "Things I took from Lesson 50 to 51", "Things I took from Lesson 50 to 51\Things I took from Lesson 50 to 51.vcxproj", "{26FFBED9-720E-4F44-9A48-CC3CC1FCC9D9}"
EndProject
Global
	GlobalSection(SolutionConfigurationPlatforms) = preSolution
		Debug|x64 = Debug|x64
		Debug|x86 = Debug|x86
		Release|x64 = Release|x64
		Release|x86 = Release|x86
	EndGlobalSection
	GlobalSection(ProjectConfigurationPlatforms) = postSolution
		{26FFBED9-720E-4F44-9A48-CC3CC1FCC9D9}.Debug|x64.ActiveCfg = Debug|x64
		{26FFBED9-720E-4F44-9A48-CC3CC1FCC9D9}.Debug|x64.Build.0 = Debug|x64
		{26FFBED9-720E-4F44-9A48-CC3CC1FCC9D9}.Debug|x86.ActiveCfg = Debug|Win32
		{26FFBED9-720E-4F44-9A48-CC3CC1FCC9D9}.Debug|x86.Build.0 = Debug|Win32
		{26FFBED9-720E-4F44-9A48-CC3CC1FCC9D9}.Release|x64.ActiveCfg = Release|x64
		{26FFBED9-720E-4F44-9A48-CC3CC1FCC9D9}.Release|x64.Build.0 = Release|x64
		{26FFBED9-720E-4F44-9A48-CC3CC1FCC9D9}.Release|x86.ActiveCfg = Release|Win32
		{26FFBED9-720E-4F44-9A48-CC3CC1FCC9D9}.Release|x86.Build.0 = Release|Win32
	EndGlobalSection
	GlobalSection(SolutionProperties) = preSolution
		HideSolutionNode = FALSE
	EndGlobalSection
	GlobalSection(ExtensibilityGlobals) = postSolution
		SolutionGuid = {708EAE63-187E-4101-85BE-2B5CBBD17DC6}
	EndGlobalSection
EndGlobal
